{
  "requires": true,
  "lockfileVersion": 1,
  "dependencies": {
    "tabulator-tables": {
      "version": "4.5.1",
      "resolved": "https://registry.npmjs.org/tabulator-tables/-/tabulator-tables-4.5.1.tgz",
      "integrity": "sha512-yifbMLpVrzn57mAB25X/pyL5BSjEiEncK8GmGw4Yj7kBBkCpQe1K9ublBEVJ6xRTV4SmoSjRpZxi01A1e7qLqg=="
    }
  }
}
